// !$*UTF8*$!
{
	archiveVersion = 1;
	classes = {
	};
	objectVersion = 51;
	objects = {

/* Begin PBXBuildFile section */
		A703A77D25BFF34C001FABB3 /* Event.swift in Sources */ = {isa = PBXBuildFile; fileRef = A703A77C25BFF34C001FABB3 /* Event.swift */; };
		A703A78125BFF3C5001FABB3 /* EventHandler.swift in Sources */ = {isa = PBXBuildFile; fileRef = A703A78025BFF3C5001FABB3 /* EventHandler.swift */; };
		A703A78425BFF97B001FABB3 /* EventType.swift in Sources */ = {isa = PBXBuildFile; fileRef = A703A78325BFF97B001FABB3 /* EventType.swift */; };
		A703A78A25C0071A001FABB3 /* GoogleService-Info.plist in Resources */ = {isa = PBXBuildFile; fileRef = A703A78925C0071A001FABB3 /* GoogleService-Info.plist */; };
		A710AF2C25C3FF120050F6B5 /* UserStorage.swift in Sources */ = {isa = PBXBuildFile; fileRef = A710AF2B25C3FF120050F6B5 /* UserStorage.swift */; };
		A710AF3225C4006E0050F6B5 /* UserStorageType.swift in Sources */ = {isa = PBXBuildFile; fileRef = A710AF3125C4006E0050F6B5 /* UserStorageType.swift */; };
		A710AF3525C4013D0050F6B5 /* User.swift in Sources */ = {isa = PBXBuildFile; fileRef = A710AF3425C4013D0050F6B5 /* User.swift */; };
		A734E2EE25BABF2800795AD8 /* Card.swift in Sources */ = {isa = PBXBuildFile; fileRef = A734E2ED25BABF2800795AD8 /* Card.swift */; };
		A734E2F225BABFB900795AD8 /* Scene.swift in Sources */ = {isa = PBXBuildFile; fileRef = A734E2F125BABFB900795AD8 /* Scene.swift */; };
		A734E2F625BAC55900795AD8 /* TimeLineViewController.swift in Sources */ = {isa = PBXBuildFile; fileRef = A734E2F525BAC55900795AD8 /* TimeLineViewController.swift */; };
		A734E2F925BAC56500795AD8 /* DeckViewController.swift in Sources */ = {isa = PBXBuildFile; fileRef = A734E2F825BAC56500795AD8 /* DeckViewController.swift */; };
		A734E2FC25BAC57200795AD8 /* DeckViewModel.swift in Sources */ = {isa = PBXBuildFile; fileRef = A734E2FB25BAC57200795AD8 /* DeckViewModel.swift */; };
		A734E2FF25BAC57A00795AD8 /* TimeLineViewModel.swift in Sources */ = {isa = PBXBuildFile; fileRef = A734E2FE25BAC57A00795AD8 /* TimeLineViewModel.swift */; };
		A734E30225BAC58600795AD8 /* ViewModelType.swift in Sources */ = {isa = PBXBuildFile; fileRef = A734E30125BAC58600795AD8 /* ViewModelType.swift */; };
		A734E30525BAC5A900795AD8 /* ViewControllerBindableType.swift in Sources */ = {isa = PBXBuildFile; fileRef = A734E30425BAC5A900795AD8 /* ViewControllerBindableType.swift */; };
		A734E30825BAC67B00795AD8 /* SceneCoordinatorType.swift in Sources */ = {isa = PBXBuildFile; fileRef = A734E30725BAC67B00795AD8 /* SceneCoordinatorType.swift */; };
		A734E30B25BAC68900795AD8 /* TransitionStyle.swift in Sources */ = {isa = PBXBuildFile; fileRef = A734E30A25BAC68900795AD8 /* TransitionStyle.swift */; };
		A734E31625BACA9C00795AD8 /* StorageType.swift in Sources */ = {isa = PBXBuildFile; fileRef = A734E31525BACA9C00795AD8 /* StorageType.swift */; };
		A734E31A25BACAAC00795AD8 /* MemoryStorage.swift in Sources */ = {isa = PBXBuildFile; fileRef = A734E31925BACAAC00795AD8 /* MemoryStorage.swift */; };
		A779013125BABE54001FA30D /* AppDelegate.swift in Sources */ = {isa = PBXBuildFile; fileRef = A779013025BABE54001FA30D /* AppDelegate.swift */; };
		A779013325BABE54001FA30D /* SceneDelegate.swift in Sources */ = {isa = PBXBuildFile; fileRef = A779013225BABE54001FA30D /* SceneDelegate.swift */; };
		A779013825BABE54001FA30D /* Main.storyboard in Resources */ = {isa = PBXBuildFile; fileRef = A779013625BABE54001FA30D /* Main.storyboard */; };
		A779013B25BABE54001FA30D /* CalenDeck.xcdatamodeld in Sources */ = {isa = PBXBuildFile; fileRef = A779013925BABE54001FA30D /* CalenDeck.xcdatamodeld */; };
		A779013D25BABE54001FA30D /* Assets.xcassets in Resources */ = {isa = PBXBuildFile; fileRef = A779013C25BABE54001FA30D /* Assets.xcassets */; };
		A779014025BABE54001FA30D /* LaunchScreen.storyboard in Resources */ = {isa = PBXBuildFile; fileRef = A779013E25BABE54001FA30D /* LaunchScreen.storyboard */; };
		A789A9CB25C13C7200B80A76 /* LoginViewController.swift in Sources */ = {isa = PBXBuildFile; fileRef = A789A9CA25C13C7200B80A76 /* LoginViewController.swift */; };
		A789A9D125C13E4000B80A76 /* LoginViewModel.swift in Sources */ = {isa = PBXBuildFile; fileRef = A789A9D025C13E4000B80A76 /* LoginViewModel.swift */; };
		A789A9D425C153EA00B80A76 /* AppleLoginViewController.swift in Sources */ = {isa = PBXBuildFile; fileRef = A789A9D325C153E900B80A76 /* AppleLoginViewController.swift */; };
		A78F4D5325C3D1CF00FC0CB9 /* UserJoinViewController.swift in Sources */ = {isa = PBXBuildFile; fileRef = A78F4D5225C3D1CF00FC0CB9 /* UserJoinViewController.swift */; };
		A78F4D5825C3D22B00FC0CB9 /* JoinViewModel.swift in Sources */ = {isa = PBXBuildFile; fileRef = A78F4D5725C3D22B00FC0CB9 /* JoinViewModel.swift */; };
		A7A825CB25BE91F400634821 /* Coordinator.swift in Sources */ = {isa = PBXBuildFile; fileRef = A7A825CA25BE91F400634821 /* Coordinator.swift */; };
		B3AEA730E65D67F5DC757A1E /* Pods_CalenDeck.framework in Frameworks */ = {isa = PBXBuildFile; fileRef = 62E03D23FED6FBD59E9B6717 /* Pods_CalenDeck.framework */; };
/* End PBXBuildFile section */

/* Begin PBXFileReference section */
		62E03D23FED6FBD59E9B6717 /* Pods_CalenDeck.framework */ = {isa = PBXFileReference; explicitFileType = wrapper.framework; includeInIndex = 0; path = Pods_CalenDeck.framework; sourceTree = BUILT_PRODUCTS_DIR; };
		6DE070122562A23346BB14AC /* Pods-CalenDeck.release.xcconfig */ = {isa = PBXFileReference; includeInIndex = 1; lastKnownFileType = text.xcconfig; name = "Pods-CalenDeck.release.xcconfig"; path = "Target Support Files/Pods-CalenDeck/Pods-CalenDeck.release.xcconfig"; sourceTree = "<group>"; };
		742DC06493EBEAF89108A511 /* Pods-CalenDeck.debug.xcconfig */ = {isa = PBXFileReference; includeInIndex = 1; lastKnownFileType = text.xcconfig; name = "Pods-CalenDeck.debug.xcconfig"; path = "Target Support Files/Pods-CalenDeck/Pods-CalenDeck.debug.xcconfig"; sourceTree = "<group>"; };
		A703A77C25BFF34C001FABB3 /* Event.swift */ = {isa = PBXFileReference; lastKnownFileType = sourcecode.swift; path = Event.swift; sourceTree = "<group>"; };
		A703A78025BFF3C5001FABB3 /* EventHandler.swift */ = {isa = PBXFileReference; lastKnownFileType = sourcecode.swift; path = EventHandler.swift; sourceTree = "<group>"; };
		A703A78325BFF97B001FABB3 /* EventType.swift */ = {isa = PBXFileReference; lastKnownFileType = sourcecode.swift; path = EventType.swift; sourceTree = "<group>"; };
		A703A78925C0071A001FABB3 /* GoogleService-Info.plist */ = {isa = PBXFileReference; fileEncoding = 4; lastKnownFileType = text.plist.xml; path = "GoogleService-Info.plist"; sourceTree = "<group>"; };
		A710AF2B25C3FF120050F6B5 /* UserStorage.swift */ = {isa = PBXFileReference; lastKnownFileType = sourcecode.swift; name = UserStorage.swift; path = CalenDeck/Storage/UserStorage.swift; sourceTree = SOURCE_ROOT; };
		A710AF3125C4006E0050F6B5 /* UserStorageType.swift */ = {isa = PBXFileReference; lastKnownFileType = sourcecode.swift; path = UserStorageType.swift; sourceTree = "<group>"; };
		A710AF3425C4013D0050F6B5 /* User.swift */ = {isa = PBXFileReference; lastKnownFileType = sourcecode.swift; path = User.swift; sourceTree = "<group>"; };
		A734E2ED25BABF2800795AD8 /* Card.swift */ = {isa = PBXFileReference; lastKnownFileType = sourcecode.swift; path = Card.swift; sourceTree = "<group>"; };
		A734E2F125BABFB900795AD8 /* Scene.swift */ = {isa = PBXFileReference; lastKnownFileType = sourcecode.swift; path = Scene.swift; sourceTree = "<group>"; };
		A734E2F525BAC55900795AD8 /* TimeLineViewController.swift */ = {isa = PBXFileReference; lastKnownFileType = sourcecode.swift; path = TimeLineViewController.swift; sourceTree = "<group>"; };
		A734E2F825BAC56500795AD8 /* DeckViewController.swift */ = {isa = PBXFileReference; lastKnownFileType = sourcecode.swift; path = DeckViewController.swift; sourceTree = "<group>"; };
		A734E2FB25BAC57200795AD8 /* DeckViewModel.swift */ = {isa = PBXFileReference; lastKnownFileType = sourcecode.swift; path = DeckViewModel.swift; sourceTree = "<group>"; };
		A734E2FE25BAC57A00795AD8 /* TimeLineViewModel.swift */ = {isa = PBXFileReference; lastKnownFileType = sourcecode.swift; path = TimeLineViewModel.swift; sourceTree = "<group>"; };
		A734E30125BAC58600795AD8 /* ViewModelType.swift */ = {isa = PBXFileReference; lastKnownFileType = sourcecode.swift; path = ViewModelType.swift; sourceTree = "<group>"; };
		A734E30425BAC5A900795AD8 /* ViewControllerBindableType.swift */ = {isa = PBXFileReference; lastKnownFileType = sourcecode.swift; path = ViewControllerBindableType.swift; sourceTree = "<group>"; };
		A734E30725BAC67B00795AD8 /* SceneCoordinatorType.swift */ = {isa = PBXFileReference; lastKnownFileType = sourcecode.swift; path = SceneCoordinatorType.swift; sourceTree = "<group>"; };
		A734E30A25BAC68900795AD8 /* TransitionStyle.swift */ = {isa = PBXFileReference; lastKnownFileType = sourcecode.swift; path = TransitionStyle.swift; sourceTree = "<group>"; };
		A734E31525BACA9C00795AD8 /* StorageType.swift */ = {isa = PBXFileReference; lastKnownFileType = sourcecode.swift; path = StorageType.swift; sourceTree = "<group>"; };
		A734E31925BACAAC00795AD8 /* MemoryStorage.swift */ = {isa = PBXFileReference; lastKnownFileType = sourcecode.swift; path = MemoryStorage.swift; sourceTree = "<group>"; };
		A779012D25BABE54001FA30D /* CalenDeck.app */ = {isa = PBXFileReference; explicitFileType = wrapper.application; includeInIndex = 0; path = CalenDeck.app; sourceTree = BUILT_PRODUCTS_DIR; };
		A779013025BABE54001FA30D /* AppDelegate.swift */ = {isa = PBXFileReference; lastKnownFileType = sourcecode.swift; path = AppDelegate.swift; sourceTree = "<group>"; };
		A779013225BABE54001FA30D /* SceneDelegate.swift */ = {isa = PBXFileReference; lastKnownFileType = sourcecode.swift; path = SceneDelegate.swift; sourceTree = "<group>"; };
		A779013725BABE54001FA30D /* Base */ = {isa = PBXFileReference; lastKnownFileType = file.storyboard; name = Base; path = Base.lproj/Main.storyboard; sourceTree = "<group>"; };
		A779013A25BABE54001FA30D /* CalenDeck.xcdatamodel */ = {isa = PBXFileReference; lastKnownFileType = wrapper.xcdatamodel; path = CalenDeck.xcdatamodel; sourceTree = "<group>"; };
		A779013C25BABE54001FA30D /* Assets.xcassets */ = {isa = PBXFileReference; lastKnownFileType = folder.assetcatalog; path = Assets.xcassets; sourceTree = "<group>"; };
		A779013F25BABE54001FA30D /* Base */ = {isa = PBXFileReference; lastKnownFileType = file.storyboard; name = Base; path = Base.lproj/LaunchScreen.storyboard; sourceTree = "<group>"; };
		A779014125BABE54001FA30D /* Info.plist */ = {isa = PBXFileReference; lastKnownFileType = text.plist.xml; path = Info.plist; sourceTree = "<group>"; };
		A789A9CA25C13C7200B80A76 /* LoginViewController.swift */ = {isa = PBXFileReference; lastKnownFileType = sourcecode.swift; path = LoginViewController.swift; sourceTree = "<group>"; };
		A789A9CE25C13DB800B80A76 /* CalenDeck.entitlements */ = {isa = PBXFileReference; lastKnownFileType = text.plist.entitlements; path = CalenDeck.entitlements; sourceTree = "<group>"; };
		A789A9D025C13E4000B80A76 /* LoginViewModel.swift */ = {isa = PBXFileReference; lastKnownFileType = sourcecode.swift; path = LoginViewModel.swift; sourceTree = "<group>"; };
		A789A9D325C153E900B80A76 /* AppleLoginViewController.swift */ = {isa = PBXFileReference; lastKnownFileType = sourcecode.swift; path = AppleLoginViewController.swift; sourceTree = "<group>"; };
		A78F4D5225C3D1CF00FC0CB9 /* UserJoinViewController.swift */ = {isa = PBXFileReference; lastKnownFileType = sourcecode.swift; path = UserJoinViewController.swift; sourceTree = "<group>"; };
		A78F4D5725C3D22B00FC0CB9 /* JoinViewModel.swift */ = {isa = PBXFileReference; lastKnownFileType = sourcecode.swift; path = JoinViewModel.swift; sourceTree = "<group>"; };
		A7A825CA25BE91F400634821 /* Coordinator.swift */ = {isa = PBXFileReference; lastKnownFileType = sourcecode.swift; path = Coordinator.swift; sourceTree = "<group>"; };
/* End PBXFileReference section */

/* Begin PBXFrameworksBuildPhase section */
		A779012A25BABE54001FA30D /* Frameworks */ = {
			isa = PBXFrameworksBuildPhase;
			buildActionMask = 2147483647;
			files = (
				B3AEA730E65D67F5DC757A1E /* Pods_CalenDeck.framework in Frameworks */,
			);
			runOnlyForDeploymentPostprocessing = 0;
		};
/* End PBXFrameworksBuildPhase section */

/* Begin PBXGroup section */
		39C1F4827C4BE342BF46A04A /* Frameworks */ = {
			isa = PBXGroup;
			children = (
				62E03D23FED6FBD59E9B6717 /* Pods_CalenDeck.framework */,
			);
			name = Frameworks;
			sourceTree = "<group>";
		};
		A703A77B25BFF33C001FABB3 /* EventStorage */ = {
			isa = PBXGroup;
			children = (
				A703A77C25BFF34C001FABB3 /* Event.swift */,
				A703A78025BFF3C5001FABB3 /* EventHandler.swift */,
				A703A78325BFF97B001FABB3 /* EventType.swift */,
			);
			path = EventStorage;
			sourceTree = "<group>";
		};
		A710AF2E25C3FF160050F6B5 /* UserStorage */ = {
			isa = PBXGroup;
			children = (
				A710AF2B25C3FF120050F6B5 /* UserStorage.swift */,
				A710AF3125C4006E0050F6B5 /* UserStorageType.swift */,
				A710AF3425C4013D0050F6B5 /* User.swift */,
			);
			path = UserStorage;
			sourceTree = "<group>";
		};
		A734E2E625BABEE500795AD8 /* Model */ = {
			isa = PBXGroup;
			children = (
				A734E2ED25BABF2800795AD8 /* Card.swift */,
			);
			path = Model;
			sourceTree = "<group>";
		};
		A734E2E725BABEEB00795AD8 /* Storage */ = {
			isa = PBXGroup;
			children = (
				A710AF2E25C3FF160050F6B5 /* UserStorage */,
				A703A77B25BFF33C001FABB3 /* EventStorage */,
				A734E31425BACA8C00795AD8 /* MemoryStorage */,
				A734E30D25BACA6700795AD8 /* CoreDataStorage */,
			);
			path = Storage;
			sourceTree = "<group>";
		};
		A734E2E825BABEF000795AD8 /* ViewModel */ = {
			isa = PBXGroup;
			children = (
				A734E2FB25BAC57200795AD8 /* DeckViewModel.swift */,
				A734E2FE25BAC57A00795AD8 /* TimeLineViewModel.swift */,
				A789A9D025C13E4000B80A76 /* LoginViewModel.swift */,
				A78F4D5725C3D22B00FC0CB9 /* JoinViewModel.swift */,
				A734E30125BAC58600795AD8 /* ViewModelType.swift */,
			);
			path = ViewModel;
			sourceTree = "<group>";
		};
		A734E2E925BABEF600795AD8 /* ViewController */ = {
			isa = PBXGroup;
			children = (
				A78F4D5125C3D13F00FC0CB9 /* Login */,
				A78F4D5025C3D13C00FC0CB9 /* Main */,
				A779013625BABE54001FA30D /* Main.storyboard */,
				A779013E25BABE54001FA30D /* LaunchScreen.storyboard */,
				A734E30425BAC5A900795AD8 /* ViewControllerBindableType.swift */,
			);
			path = ViewController;
			sourceTree = "<group>";
		};
		A734E2EA25BABEFC00795AD8 /* Service */ = {
			isa = PBXGroup;
			children = (
			);
			path = Service;
			sourceTree = "<group>";
		};
		A734E2EB25BABF0500795AD8 /* Scene */ = {
			isa = PBXGroup;
			children = (
				A734E2F125BABFB900795AD8 /* Scene.swift */,
				A734E30725BAC67B00795AD8 /* SceneCoordinatorType.swift */,
				A734E30A25BAC68900795AD8 /* TransitionStyle.swift */,
				A7A825CA25BE91F400634821 /* Coordinator.swift */,
			);
			path = Scene;
			sourceTree = "<group>";
		};
		A734E30D25BACA6700795AD8 /* CoreDataStorage */ = {
			isa = PBXGroup;
			children = (
				A779013925BABE54001FA30D /* CalenDeck.xcdatamodeld */,
			);
			path = CoreDataStorage;
			sourceTree = "<group>";
		};
		A734E31425BACA8C00795AD8 /* MemoryStorage */ = {
			isa = PBXGroup;
			children = (
				A734E31925BACAAC00795AD8 /* MemoryStorage.swift */,
				A734E31525BACA9C00795AD8 /* StorageType.swift */,
			);
			path = MemoryStorage;
			sourceTree = "<group>";
		};
		A779012425BABE53001FA30D = {
			isa = PBXGroup;
			children = (
				A779012F25BABE54001FA30D /* CalenDeck */,
				A779012E25BABE54001FA30D /* Products */,
				EF4AE8636A23C6F5B70A52C3 /* Pods */,
				39C1F4827C4BE342BF46A04A /* Frameworks */,
			);
			sourceTree = "<group>";
		};
		A779012E25BABE54001FA30D /* Products */ = {
			isa = PBXGroup;
			children = (
				A779012D25BABE54001FA30D /* CalenDeck.app */,
			);
			name = Products;
			sourceTree = "<group>";
		};
		A779012F25BABE54001FA30D /* CalenDeck */ = {
			isa = PBXGroup;
			children = (
				A789A9CE25C13DB800B80A76 /* CalenDeck.entitlements */,
				A734E2EB25BABF0500795AD8 /* Scene */,
				A734E2EA25BABEFC00795AD8 /* Service */,
				A734E2E925BABEF600795AD8 /* ViewController */,
				A734E2E825BABEF000795AD8 /* ViewModel */,
				A734E2E725BABEEB00795AD8 /* Storage */,
				A734E2E625BABEE500795AD8 /* Model */,
				A779013025BABE54001FA30D /* AppDelegate.swift */,
				A779013225BABE54001FA30D /* SceneDelegate.swift */,
				A779013C25BABE54001FA30D /* Assets.xcassets */,
				A779014125BABE54001FA30D /* Info.plist */,
				A703A78925C0071A001FABB3 /* GoogleService-Info.plist */,
			);
			path = CalenDeck;
			sourceTree = "<group>";
		};
		A78F4D5025C3D13C00FC0CB9 /* Main */ = {
			isa = PBXGroup;
			children = (
				A734E2F525BAC55900795AD8 /* TimeLineViewController.swift */,
				A734E2F825BAC56500795AD8 /* DeckViewController.swift */,
			);
			path = Main;
			sourceTree = "<group>";
		};
		A78F4D5125C3D13F00FC0CB9 /* Login */ = {
			isa = PBXGroup;
			children = (
				A789A9D325C153E900B80A76 /* AppleLoginViewController.swift */,
				A789A9CA25C13C7200B80A76 /* LoginViewController.swift */,
				A78F4D5225C3D1CF00FC0CB9 /* UserJoinViewController.swift */,
			);
			path = Login;
			sourceTree = "<group>";
		};
		EF4AE8636A23C6F5B70A52C3 /* Pods */ = {
			isa = PBXGroup;
			children = (
				742DC06493EBEAF89108A511 /* Pods-CalenDeck.debug.xcconfig */,
				6DE070122562A23346BB14AC /* Pods-CalenDeck.release.xcconfig */,
			);
			path = Pods;
			sourceTree = "<group>";
		};
/* End PBXGroup section */

/* Begin PBXNativeTarget section */
		A779012C25BABE54001FA30D /* CalenDeck */ = {
			isa = PBXNativeTarget;
			buildConfigurationList = A779014425BABE54001FA30D /* Build configuration list for PBXNativeTarget "CalenDeck" */;
			buildPhases = (
				4F799F02BEB74C77D822FC92 /* [CP] Check Pods Manifest.lock */,
				A779012925BABE54001FA30D /* Sources */,
				A779012A25BABE54001FA30D /* Frameworks */,
				A779012B25BABE54001FA30D /* Resources */,
				74473374D9CAA803A46501FB /* [CP] Embed Pods Frameworks */,
			);
			buildRules = (
			);
			dependencies = (
			);
			name = CalenDeck;
			productName = CalenDeck;
			productReference = A779012D25BABE54001FA30D /* CalenDeck.app */;
			productType = "com.apple.product-type.application";
		};
/* End PBXNativeTarget section */

/* Begin PBXProject section */
		A779012525BABE53001FA30D /* Project object */ = {
			isa = PBXProject;
			attributes = {
				LastSwiftUpdateCheck = 1230;
				LastUpgradeCheck = 1230;
				TargetAttributes = {
					A779012C25BABE54001FA30D = {
						CreatedOnToolsVersion = 12.3;
					};
				};
			};
			buildConfigurationList = A779012825BABE53001FA30D /* Build configuration list for PBXProject "CalenDeck" */;
			compatibilityVersion = "Xcode 9.3";
			developmentRegion = en;
			hasScannedForEncodings = 0;
			knownRegions = (
				en,
				Base,
			);
			mainGroup = A779012425BABE53001FA30D;
			productRefGroup = A779012E25BABE54001FA30D /* Products */;
			projectDirPath = "";
			projectRoot = "";
			targets = (
				A779012C25BABE54001FA30D /* CalenDeck */,
			);
		};
/* End PBXProject section */

/* Begin PBXResourcesBuildPhase section */
		A779012B25BABE54001FA30D /* Resources */ = {
			isa = PBXResourcesBuildPhase;
			buildActionMask = 2147483647;
			files = (
				A779014025BABE54001FA30D /* LaunchScreen.storyboard in Resources */,
				A703A78A25C0071A001FABB3 /* GoogleService-Info.plist in Resources */,
				A779013D25BABE54001FA30D /* Assets.xcassets in Resources */,
				A779013825BABE54001FA30D /* Main.storyboard in Resources */,
			);
			runOnlyForDeploymentPostprocessing = 0;
		};
/* End PBXResourcesBuildPhase section */

/* Begin PBXShellScriptBuildPhase section */
		4F799F02BEB74C77D822FC92 /* [CP] Check Pods Manifest.lock */ = {
			isa = PBXShellScriptBuildPhase;
			buildActionMask = 2147483647;
			files = (
			);
			inputFileListPaths = (
			);
			inputPaths = (
				"${PODS_PODFILE_DIR_PATH}/Podfile.lock",
				"${PODS_ROOT}/Manifest.lock",
			);
			name = "[CP] Check Pods Manifest.lock";
			outputFileListPaths = (
			);
			outputPaths = (
				"$(DERIVED_FILE_DIR)/Pods-CalenDeck-checkManifestLockResult.txt",
			);
			runOnlyForDeploymentPostprocessing = 0;
			shellPath = /bin/sh;
			shellScript = "diff \"${PODS_PODFILE_DIR_PATH}/Podfile.lock\" \"${PODS_ROOT}/Manifest.lock\" > /dev/null\nif [ $? != 0 ] ; then\n    # print error to STDERR\n    echo \"error: The sandbox is not in sync with the Podfile.lock. Run 'pod install' or update your CocoaPods installation.\" >&2\n    exit 1\nfi\n# This output is used by Xcode 'outputs' to avoid re-running this script phase.\necho \"SUCCESS\" > \"${SCRIPT_OUTPUT_FILE_0}\"\n";
			showEnvVarsInLog = 0;
		};
		74473374D9CAA803A46501FB /* [CP] Embed Pods Frameworks */ = {
			isa = PBXShellScriptBuildPhase;
			buildActionMask = 2147483647;
			files = (
			);
			inputFileListPaths = (
				"${PODS_ROOT}/Target Support Files/Pods-CalenDeck/Pods-CalenDeck-frameworks-${CONFIGURATION}-input-files.xcfilelist",
			);
			name = "[CP] Embed Pods Frameworks";
			outputFileListPaths = (
				"${PODS_ROOT}/Target Support Files/Pods-CalenDeck/Pods-CalenDeck-frameworks-${CONFIGURATION}-output-files.xcfilelist",
			);
			runOnlyForDeploymentPostprocessing = 0;
			shellPath = /bin/sh;
			shellScript = "\"${PODS_ROOT}/Target Support Files/Pods-CalenDeck/Pods-CalenDeck-frameworks.sh\"\n";
			showEnvVarsInLog = 0;
		};
/* End PBXShellScriptBuildPhase section */

/* Begin PBXSourcesBuildPhase section */
		A779012925BABE54001FA30D /* Sources */ = {
			isa = PBXSourcesBuildPhase;
			buildActionMask = 2147483647;
			files = (
				A7A825CB25BE91F400634821 /* Coordinator.swift in Sources */,
				A779013B25BABE54001FA30D /* CalenDeck.xcdatamodeld in Sources */,
				A78F4D5825C3D22B00FC0CB9 /* JoinViewModel.swift in Sources */,
				A734E31625BACA9C00795AD8 /* StorageType.swift in Sources */,
				A789A9D425C153EA00B80A76 /* AppleLoginViewController.swift in Sources */,
				A710AF3525C4013D0050F6B5 /* User.swift in Sources */,
				A703A78125BFF3C5001FABB3 /* EventHandler.swift in Sources */,
				A734E2FC25BAC57200795AD8 /* DeckViewModel.swift in Sources */,
				A734E2F225BABFB900795AD8 /* Scene.swift in Sources */,
				A734E2F925BAC56500795AD8 /* DeckViewController.swift in Sources */,
				A710AF2C25C3FF120050F6B5 /* UserStorage.swift in Sources */,
				A710AF3225C4006E0050F6B5 /* UserStorageType.swift in Sources */,
				A734E2EE25BABF2800795AD8 /* Card.swift in Sources */,
				A789A9CB25C13C7200B80A76 /* LoginViewController.swift in Sources */,
				A734E30825BAC67B00795AD8 /* SceneCoordinatorType.swift in Sources */,
				A703A77D25BFF34C001FABB3 /* Event.swift in Sources */,
				A78F4D5325C3D1CF00FC0CB9 /* UserJoinViewController.swift in Sources */,
				A779013125BABE54001FA30D /* AppDelegate.swift in Sources */,
				A779013325BABE54001FA30D /* SceneDelegate.swift in Sources */,
				A734E31A25BACAAC00795AD8 /* MemoryStorage.swift in Sources */,
				A703A78425BFF97B001FABB3 /* EventType.swift in Sources */,
				A734E2FF25BAC57A00795AD8 /* TimeLineViewModel.swift in Sources */,
				A734E30B25BAC68900795AD8 /* TransitionStyle.swift in Sources */,
				A734E30225BAC58600795AD8 /* ViewModelType.swift in Sources */,
				A734E30525BAC5A900795AD8 /* ViewControllerBindableType.swift in Sources */,
				A734E2F625BAC55900795AD8 /* TimeLineViewController.swift in Sources */,
				A789A9D125C13E4000B80A76 /* LoginViewModel.swift in Sources */,
			);
			runOnlyForDeploymentPostprocessing = 0;
		};
/* End PBXSourcesBuildPhase section */

/* Begin PBXVariantGroup section */
		A779013625BABE54001FA30D /* Main.storyboard */ = {
			isa = PBXVariantGroup;
			children = (
				A779013725BABE54001FA30D /* Base */,
			);
			name = Main.storyboard;
			sourceTree = "<group>";
		};
		A779013E25BABE54001FA30D /* LaunchScreen.storyboard */ = {
			isa = PBXVariantGroup;
			children = (
				A779013F25BABE54001FA30D /* Base */,
			);
			name = LaunchScreen.storyboard;
			sourceTree = "<group>";
		};
/* End PBXVariantGroup section */

/* Begin XCBuildConfiguration section */
		A779014225BABE54001FA30D /* Debug */ = {
			isa = XCBuildConfiguration;
			buildSettings = {
				ALWAYS_SEARCH_USER_PATHS = NO;
				CLANG_ANALYZER_NONNULL = YES;
				CLANG_ANALYZER_NUMBER_OBJECT_CONVERSION = YES_AGGRESSIVE;
				CLANG_CXX_LANGUAGE_STANDARD = "gnu++14";
				CLANG_CXX_LIBRARY = "libc++";
				CLANG_ENABLE_MODULES = YES;
				CLANG_ENABLE_OBJC_ARC = YES;
				CLANG_ENABLE_OBJC_WEAK = YES;
				CLANG_WARN_BLOCK_CAPTURE_AUTORELEASING = YES;
				CLANG_WARN_BOOL_CONVERSION = YES;
				CLANG_WARN_COMMA = YES;
				CLANG_WARN_CONSTANT_CONVERSION = YES;
				CLANG_WARN_DEPRECATED_OBJC_IMPLEMENTATIONS = YES;
				CLANG_WARN_DIRECT_OBJC_ISA_USAGE = YES_ERROR;
				CLANG_WARN_DOCUMENTATION_COMMENTS = YES;
				CLANG_WARN_EMPTY_BODY = YES;
				CLANG_WARN_ENUM_CONVERSION = YES;
				CLANG_WARN_INFINITE_RECURSION = YES;
				CLANG_WARN_INT_CONVERSION = YES;
				CLANG_WARN_NON_LITERAL_NULL_CONVERSION = YES;
				CLANG_WARN_OBJC_IMPLICIT_RETAIN_SELF = YES;
				CLANG_WARN_OBJC_LITERAL_CONVERSION = YES;
				CLANG_WARN_OBJC_ROOT_CLASS = YES_ERROR;
				CLANG_WARN_QUOTED_INCLUDE_IN_FRAMEWORK_HEADER = YES;
				CLANG_WARN_RANGE_LOOP_ANALYSIS = YES;
				CLANG_WARN_STRICT_PROTOTYPES = YES;
				CLANG_WARN_SUSPICIOUS_MOVE = YES;
				CLANG_WARN_UNGUARDED_AVAILABILITY = YES_AGGRESSIVE;
				CLANG_WARN_UNREACHABLE_CODE = YES;
				CLANG_WARN__DUPLICATE_METHOD_MATCH = YES;
				COPY_PHASE_STRIP = NO;
				DEBUG_INFORMATION_FORMAT = dwarf;
				ENABLE_STRICT_OBJC_MSGSEND = YES;
				ENABLE_TESTABILITY = YES;
				GCC_C_LANGUAGE_STANDARD = gnu11;
				GCC_DYNAMIC_NO_PIC = NO;
				GCC_NO_COMMON_BLOCKS = YES;
				GCC_OPTIMIZATION_LEVEL = 0;
				GCC_PREPROCESSOR_DEFINITIONS = (
					"DEBUG=1",
					"$(inherited)",
				);
				GCC_WARN_64_TO_32_BIT_CONVERSION = YES;
				GCC_WARN_ABOUT_RETURN_TYPE = YES_ERROR;
				GCC_WARN_UNDECLARED_SELECTOR = YES;
				GCC_WARN_UNINITIALIZED_AUTOS = YES_AGGRESSIVE;
				GCC_WARN_UNUSED_FUNCTION = YES;
				GCC_WARN_UNUSED_VARIABLE = YES;
				IPHONEOS_DEPLOYMENT_TARGET = 14.0;
				MTL_ENABLE_DEBUG_INFO = INCLUDE_SOURCE;
				MTL_FAST_MATH = YES;
				ONLY_ACTIVE_ARCH = YES;
				SDKROOT = iphoneos;
				SWIFT_ACTIVE_COMPILATION_CONDITIONS = DEBUG;
				SWIFT_OPTIMIZATION_LEVEL = "-Onone";
			};
			name = Debug;
		};
		A779014325BABE54001FA30D /* Release */ = {
			isa = XCBuildConfiguration;
			buildSettings = {
				ALWAYS_SEARCH_USER_PATHS = NO;
				CLANG_ANALYZER_NONNULL = YES;
				CLANG_ANALYZER_NUMBER_OBJECT_CONVERSION = YES_AGGRESSIVE;
				CLANG_CXX_LANGUAGE_STANDARD = "gnu++14";
				CLANG_CXX_LIBRARY = "libc++";
				CLANG_ENABLE_MODULES = YES;
				CLANG_ENABLE_OBJC_ARC = YES;
				CLANG_ENABLE_OBJC_WEAK = YES;
				CLANG_WARN_BLOCK_CAPTURE_AUTORELEASING = YES;
				CLANG_WARN_BOOL_CONVERSION = YES;
				CLANG_WARN_COMMA = YES;
				CLANG_WARN_CONSTANT_CONVERSION = YES;
				CLANG_WARN_DEPRECATED_OBJC_IMPLEMENTATIONS = YES;
				CLANG_WARN_DIRECT_OBJC_ISA_USAGE = YES_ERROR;
				CLANG_WARN_DOCUMENTATION_COMMENTS = YES;
				CLANG_WARN_EMPTY_BODY = YES;
				CLANG_WARN_ENUM_CONVERSION = YES;
				CLANG_WARN_INFINITE_RECURSION = YES;
				CLANG_WARN_INT_CONVERSION = YES;
				CLANG_WARN_NON_LITERAL_NULL_CONVERSION = YES;
				CLANG_WARN_OBJC_IMPLICIT_RETAIN_SELF = YES;
				CLANG_WARN_OBJC_LITERAL_CONVERSION = YES;
				CLANG_WARN_OBJC_ROOT_CLASS = YES_ERROR;
				CLANG_WARN_QUOTED_INCLUDE_IN_FRAMEWORK_HEADER = YES;
				CLANG_WARN_RANGE_LOOP_ANALYSIS = YES;
				CLANG_WARN_STRICT_PROTOTYPES = YES;
				CLANG_WARN_SUSPICIOUS_MOVE = YES;
				CLANG_WARN_UNGUARDED_AVAILABILITY = YES_AGGRESSIVE;
				CLANG_WARN_UNREACHABLE_CODE = YES;
				CLANG_WARN__DUPLICATE_METHOD_MATCH = YES;
				COPY_PHASE_STRIP = NO;
				DEBUG_INFORMATION_FORMAT = "dwarf-with-dsym";
				ENABLE_NS_ASSERTIONS = NO;
				ENABLE_STRICT_OBJC_MSGSEND = YES;
				GCC_C_LANGUAGE_STANDARD = gnu11;
				GCC_NO_COMMON_BLOCKS = YES;
				GCC_WARN_64_TO_32_BIT_CONVERSION = YES;
				GCC_WARN_ABOUT_RETURN_TYPE = YES_ERROR;
				GCC_WARN_UNDECLARED_SELECTOR = YES;
				GCC_WARN_UNINITIALIZED_AUTOS = YES_AGGRESSIVE;
				GCC_WARN_UNUSED_FUNCTION = YES;
				GCC_WARN_UNUSED_VARIABLE = YES;
				IPHONEOS_DEPLOYMENT_TARGET = 14.0;
				MTL_ENABLE_DEBUG_INFO = NO;
				MTL_FAST_MATH = YES;
				SDKROOT = iphoneos;
				SWIFT_COMPILATION_MODE = wholemodule;
				SWIFT_OPTIMIZATION_LEVEL = "-O";
				VALIDATE_PRODUCT = YES;
			};
			name = Release;
		};
		A779014525BABE54001FA30D /* Debug */ = {
			isa = XCBuildConfiguration;
			baseConfigurationReference = 742DC06493EBEAF89108A511 /* Pods-CalenDeck.debug.xcconfig */;
			buildSettings = {
				ASSETCATALOG_COMPILER_APPICON_NAME = AppIcon;
				ASSETCATALOG_COMPILER_GLOBAL_ACCENT_COLOR_NAME = AccentColor;
				CODE_SIGN_ENTITLEMENTS = CalenDeck/CalenDeck.entitlements;
				CODE_SIGN_STYLE = Automatic;
				DEVELOPMENT_TEAM = "";
				INFOPLIST_FILE = CalenDeck/Info.plist;
				LD_RUNPATH_SEARCH_PATHS = (
					"$(inherited)",
					"@executable_path/Frameworks",
				);
				PRODUCT_BUNDLE_IDENTIFIER = JH.CalenDeck;
				PRODUCT_NAME = "$(TARGET_NAME)";
				SWIFT_VERSION = 5.0;
				TARGETED_DEVICE_FAMILY = "1,2";
			};
			name = Debug;
		};
		A779014625BABE54001FA30D /* Release */ = {
			isa = XCBuildConfiguration;
			baseConfigurationReference = 6DE070122562A23346BB14AC /* Pods-CalenDeck.release.xcconfig */;
			buildSettings = {
				ASSETCATALOG_COMPILER_APPICON_NAME = AppIcon;
				ASSETCATALOG_COMPILER_GLOBAL_ACCENT_COLOR_NAME = AccentColor;
				CODE_SIGN_ENTITLEMENTS = CalenDeck/CalenDeck.entitlements;
				CODE_SIGN_STYLE = Automatic;
				DEVELOPMENT_TEAM = "";
				INFOPLIST_FILE = CalenDeck/Info.plist;
				LD_RUNPATH_SEARCH_PATHS = (
					"$(inherited)",
					"@executable_path/Frameworks",
				);
				PRODUCT_BUNDLE_IDENTIFIER = JH.CalenDeck;
				PRODUCT_NAME = "$(TARGET_NAME)";
				SWIFT_VERSION = 5.0;
				TARGETED_DEVICE_FAMILY = "1,2";
			};
			name = Release;
		};
/* End XCBuildConfiguration section */

/* Begin XCConfigurationList section */
		A779012825BABE53001FA30D /* Build configuration list for PBXProject "CalenDeck" */ = {
			isa = XCConfigurationList;
			buildConfigurations = (
				A779014225BABE54001FA30D /* Debug */,
				A779014325BABE54001FA30D /* Release */,
			);
			defaultConfigurationIsVisible = 0;
			defaultConfigurationName = Release;
		};
		A779014425BABE54001FA30D /* Build configuration list for PBXNativeTarget "CalenDeck" */ = {
			isa = XCConfigurationList;
			buildConfigurations = (
				A779014525BABE54001FA30D /* Debug */,
				A779014625BABE54001FA30D /* Release */,
			);
			defaultConfigurationIsVisible = 0;
			defaultConfigurationName = Release;
		};
/* End XCConfigurationList section */

/* Begin XCVersionGroup section */
		A779013925BABE54001FA30D /* CalenDeck.xcdatamodeld */ = {
			isa = XCVersionGroup;
			children = (
				A779013A25BABE54001FA30D /* CalenDeck.xcdatamodel */,
			);
			currentVersion = A779013A25BABE54001FA30D /* CalenDeck.xcdatamodel */;
			path = CalenDeck.xcdatamodeld;
			sourceTree = "<group>";
			versionGroupType = wrapper.xcdatamodel;
		};
/* End XCVersionGroup section */
	};
	rootObject = A779012525BABE53001FA30D /* Project object */;
}
